
Microsoft Visual Studio Solution File, Format Version 12.00
# Visual Studio Version 16
VisualStudioVersion = 16.0.30503.244
MinimumVisualStudioVersion = 10.0.40219.1
Project("{FAE04EC0-301F-11D3-BF4B-00C04F79EFBC}") = "Repo", "Repo\Repo.csproj", "{95D6B33D-58D6-4BD0-A595-6AA32FB3D19E}"
EndProject
Project("{FAE04EC0-301F-11D3-BF4B-00C04F79EFBC}") = "EntityRepository", "EntityRepository\EntityRepository.csproj", "{B3EC3511-BC81-413C-9A4D-4DA3416F4AD5}"
EndProject
Project("{FAE04EC0-301F-11D3-BF4B-00C04F79EFBC}") = "MongoRepository", "MongoRepository\MongoRepository.csproj", "{28E9F73E-B495-426F-A3F9-FEE7218A9032}"
EndProject
Global
	GlobalSection(SolutionConfigurationPlatforms) = preSolution
		Debug|Any CPU = Debug|Any CPU
		Release|Any CPU = Release|Any CPU
	EndGlobalSection
	GlobalSection(ProjectConfigurationPlatforms) = postSolution
		{95D6B33D-58D6-4BD0-A595-6AA32FB3D19E}.Debug|Any CPU.ActiveCfg = Debug|Any CPU
		{95D6B33D-58D6-4BD0-A595-6AA32FB3D19E}.Debug|Any CPU.Build.0 = Debug|Any CPU
		{95D6B33D-58D6-4BD0-A595-6AA32FB3D19E}.Release|Any CPU.ActiveCfg = Release|Any CPU
		{95D6B33D-58D6-4BD0-A595-6AA32FB3D19E}.Release|Any CPU.Build.0 = Release|Any CPU
		{B3EC3511-BC81-413C-9A4D-4DA3416F4AD5}.Debug|Any CPU.ActiveCfg = Debug|Any CPU
		{B3EC3511-BC81-413C-9A4D-4DA3416F4AD5}.Debug|Any CPU.Build.0 = Debug|Any CPU
		{B3EC3511-BC81-413C-9A4D-4DA3416F4AD5}.Release|Any CPU.ActiveCfg = Release|Any CPU
		{B3EC3511-BC81-413C-9A4D-4DA3416F4AD5}.Release|Any CPU.Build.0 = Release|Any CPU
		{28E9F73E-B495-426F-A3F9-FEE7218A9032}.Debug|Any CPU.ActiveCfg = Debug|Any CPU
		{28E9F73E-B495-426F-A3F9-FEE7218A9032}.Debug|Any CPU.Build.0 = Debug|Any CPU
		{28E9F73E-B495-426F-A3F9-FEE7218A9032}.Release|Any CPU.ActiveCfg = Release|Any CPU
		{28E9F73E-B495-426F-A3F9-FEE7218A9032}.Release|Any CPU.Build.0 = Release|Any CPU
	EndGlobalSection
	GlobalSection(SolutionProperties) = preSolution
		HideSolutionNode = FALSE
	EndGlobalSection
	GlobalSection(ExtensibilityGlobals) = postSolution
		SolutionGuid = {ECDD2D50-296F-4C06-AED6-34402BD95E27}
	EndGlobalSection
EndGlobal
